// !$*UTF8*$!
{
	archiveVersion = 1;
	classes = {
	};
	objectVersion = 55;
	objects = {

/* Begin PBXBuildFile section */
		8B1FDBED284A05EA000D9BCD /* PasteBoardApp.swift in Sources */ = {isa = PBXBuildFile; fileRef = 8B1FDBEC284A05EA000D9BCD /* PasteBoardApp.swift */; };
		8B1FDBF1284A05EA000D9BCD /* Assets.xcassets in Resources */ = {isa = PBXBuildFile; fileRef = 8B1FDBF0284A05EA000D9BCD /* Assets.xcassets */; };
		8B1FDBF4284A05EA000D9BCD /* Preview Assets.xcassets in Resources */ = {isa = PBXBuildFile; fileRef = 8B1FDBF3284A05EA000D9BCD /* Preview Assets.xcassets */; };
		8B1FDC01284A1142000D9BCD /* NSNotificationNameExtension.swift in Sources */ = {isa = PBXBuildFile; fileRef = 8B1FDC00284A1142000D9BCD /* NSNotificationNameExtension.swift */; };
		8B1FDC04284A1230000D9BCD /* BoardNotificationCenter.swift in Sources */ = {isa = PBXBuildFile; fileRef = 8B1FDC03284A1230000D9BCD /* BoardNotificationCenter.swift */; };
		8B46AFD1284E31D100317389 /* BoardNotificationItemModel.swift in Sources */ = {isa = PBXBuildFile; fileRef = 8B46AFD0284E31D100317389 /* BoardNotificationItemModel.swift */; };
		8B936EB1284DE3D600B568EA /* ContentView.swift in Sources */ = {isa = PBXBuildFile; fileRef = 8B936EB0284DE3D600B568EA /* ContentView.swift */; };
		8B936EB5284DE63000B568EA /* SidebarView.swift in Sources */ = {isa = PBXBuildFile; fileRef = 8B936EB4284DE63000B568EA /* SidebarView.swift */; };
		8B936EB7284DE81000B568EA /* FontExtension.swift in Sources */ = {isa = PBXBuildFile; fileRef = 8B936EB6284DE81000B568EA /* FontExtension.swift */; };
		8B936EB9284DF77D00B568EA /* BoardView.swift in Sources */ = {isa = PBXBuildFile; fileRef = 8B936EB8284DF77D00B568EA /* BoardView.swift */; };
		8BBDE655284A89D1005F65A1 /* MasterItemView.swift in Sources */ = {isa = PBXBuildFile; fileRef = 8BBDE654284A89D1005F65A1 /* MasterItemView.swift */; };
		8BBDE660284AA32D005F65A1 /* NSImageView+GIF.swift in Sources */ = {isa = PBXBuildFile; fileRef = 8BBDE65F284AA32D005F65A1 /* NSImageView+GIF.swift */; };
		8BBDE663284AAE78005F65A1 /* QLImage.swift in Sources */ = {isa = PBXBuildFile; fileRef = 8BBDE662284AAE78005F65A1 /* QLImage.swift */; };
		8BC0A7F4284BC74F00D307C5 /* ColorExtension.swift in Sources */ = {isa = PBXBuildFile; fileRef = 8BC0A7F3284BC74F00D307C5 /* ColorExtension.swift */; };
		8BEE7D14284BBB58008162EA /* Poppins-SemiBold.ttf in Resources */ = {isa = PBXBuildFile; fileRef = 8BEE7D11284BBB58008162EA /* Poppins-SemiBold.ttf */; };
		8BEE7D15284BBB58008162EA /* Poppins-Medium.ttf in Resources */ = {isa = PBXBuildFile; fileRef = 8BEE7D12284BBB58008162EA /* Poppins-Medium.ttf */; };
		8BEE7D16284BBB58008162EA /* Poppins-Regular.ttf in Resources */ = {isa = PBXBuildFile; fileRef = 8BEE7D13284BBB58008162EA /* Poppins-Regular.ttf */; };
/* End PBXBuildFile section */

/* Begin PBXFileReference section */
		8B1FDBE9284A05EA000D9BCD /* PasteBoard.app */ = {isa = PBXFileReference; explicitFileType = wrapper.application; includeInIndex = 0; path = PasteBoard.app; sourceTree = BUILT_PRODUCTS_DIR; };
		8B1FDBEC284A05EA000D9BCD /* PasteBoardApp.swift */ = {isa = PBXFileReference; lastKnownFileType = sourcecode.swift; path = PasteBoardApp.swift; sourceTree = "<group>"; };
		8B1FDBF0284A05EA000D9BCD /* Assets.xcassets */ = {isa = PBXFileReference; lastKnownFileType = folder.assetcatalog; path = Assets.xcassets; sourceTree = "<group>"; };
		8B1FDBF3284A05EA000D9BCD /* Preview Assets.xcassets */ = {isa = PBXFileReference; lastKnownFileType = folder.assetcatalog; path = "Preview Assets.xcassets"; sourceTree = "<group>"; };
		8B1FDBFA284A05EA000D9BCD /* PasteBoard.entitlements */ = {isa = PBXFileReference; lastKnownFileType = text.plist.entitlements; path = PasteBoard.entitlements; sourceTree = "<group>"; };
		8B1FDC00284A1142000D9BCD /* NSNotificationNameExtension.swift */ = {isa = PBXFileReference; lastKnownFileType = sourcecode.swift; path = NSNotificationNameExtension.swift; sourceTree = "<group>"; };
		8B1FDC03284A1230000D9BCD /* BoardNotificationCenter.swift */ = {isa = PBXFileReference; lastKnownFileType = sourcecode.swift; path = BoardNotificationCenter.swift; sourceTree = "<group>"; };
		8B46AFD0284E31D100317389 /* BoardNotificationItemModel.swift */ = {isa = PBXFileReference; lastKnownFileType = sourcecode.swift; path = BoardNotificationItemModel.swift; sourceTree = "<group>"; };
		8B936EB0284DE3D600B568EA /* ContentView.swift */ = {isa = PBXFileReference; lastKnownFileType = sourcecode.swift; path = ContentView.swift; sourceTree = "<group>"; };
		8B936EB4284DE63000B568EA /* SidebarView.swift */ = {isa = PBXFileReference; lastKnownFileType = sourcecode.swift; path = SidebarView.swift; sourceTree = "<group>"; };
		8B936EB6284DE81000B568EA /* FontExtension.swift */ = {isa = PBXFileReference; lastKnownFileType = sourcecode.swift; path = FontExtension.swift; sourceTree = "<group>"; };
		8B936EB8284DF77D00B568EA /* BoardView.swift */ = {isa = PBXFileReference; lastKnownFileType = sourcecode.swift; path = BoardView.swift; sourceTree = "<group>"; };
		8BBDE654284A89D1005F65A1 /* MasterItemView.swift */ = {isa = PBXFileReference; lastKnownFileType = sourcecode.swift; path = MasterItemView.swift; sourceTree = "<group>"; };
		8BBDE65F284AA32D005F65A1 /* NSImageView+GIF.swift */ = {isa = PBXFileReference; fileEncoding = 4; lastKnownFileType = sourcecode.swift; path = "NSImageView+GIF.swift"; sourceTree = "<group>"; };
		8BBDE662284AAE78005F65A1 /* QLImage.swift */ = {isa = PBXFileReference; lastKnownFileType = sourcecode.swift; path = QLImage.swift; sourceTree = "<group>"; };
		8BC0A7F3284BC74F00D307C5 /* ColorExtension.swift */ = {isa = PBXFileReference; lastKnownFileType = sourcecode.swift; path = ColorExtension.swift; sourceTree = "<group>"; };
		8BEE7D11284BBB58008162EA /* Poppins-SemiBold.ttf */ = {isa = PBXFileReference; lastKnownFileType = file; path = "Poppins-SemiBold.ttf"; sourceTree = "<group>"; };
		8BEE7D12284BBB58008162EA /* Poppins-Medium.ttf */ = {isa = PBXFileReference; lastKnownFileType = file; path = "Poppins-Medium.ttf"; sourceTree = "<group>"; };
		8BEE7D13284BBB58008162EA /* Poppins-Regular.ttf */ = {isa = PBXFileReference; lastKnownFileType = file; path = "Poppins-Regular.ttf"; sourceTree = "<group>"; };
		8BEE7D18284BBB81008162EA /* Info.plist */ = {isa = PBXFileReference; lastKnownFileType = text.plist; path = Info.plist; sourceTree = "<group>"; };
/* End PBXFileReference section */

/* Begin PBXFrameworksBuildPhase section */
		8B1FDBE6284A05EA000D9BCD /* Frameworks */ = {
			isa = PBXFrameworksBuildPhase;
			buildActionMask = 2147483647;
			files = (
			);
			runOnlyForDeploymentPostprocessing = 0;
		};
/* End PBXFrameworksBuildPhase section */

/* Begin PBXGroup section */
		8B1FDBE0284A05E9000D9BCD = {
			isa = PBXGroup;
			children = (
				8B1FDBEB284A05EA000D9BCD /* PasteBoard */,
				8B1FDBEA284A05EA000D9BCD /* Products */,
			);
			sourceTree = "<group>";
		};
		8B1FDBEA284A05EA000D9BCD /* Products */ = {
			isa = PBXGroup;
			children = (
				8B1FDBE9284A05EA000D9BCD /* PasteBoard.app */,
			);
			name = Products;
			sourceTree = "<group>";
		};
		8B1FDBEB284A05EA000D9BCD /* PasteBoard */ = {
			isa = PBXGroup;
			children = (
				8BEE7D18284BBB81008162EA /* Info.plist */,
				8B1FDBEC284A05EA000D9BCD /* PasteBoardApp.swift */,
				8B46AFD2284E32C800317389 /* Models */,
				8B46AFCF284E319B00317389 /* ViewModels */,
				8B936EB3284DE52A00B568EA /* Views */,
				8B936EB2284DE52200B568EA /* Extensions */,
				8BEE7D17284BBB5C008162EA /* Fonts */,
				8B936EAF284DE3C100B568EA /* from past */,
				8B1FDBF0284A05EA000D9BCD /* Assets.xcassets */,
				8B1FDBFA284A05EA000D9BCD /* PasteBoard.entitlements */,
				8B1FDBF2284A05EA000D9BCD /* Preview Content */,
			);
			path = PasteBoard;
			sourceTree = "<group>";
		};
		8B1FDBF2284A05EA000D9BCD /* Preview Content */ = {
			isa = PBXGroup;
			children = (
				8B1FDBF3284A05EA000D9BCD /* Preview Assets.xcassets */,
			);
			path = "Preview Content";
			sourceTree = "<group>";
		};
		8B46AFCF284E319B00317389 /* ViewModels */ = {
			isa = PBXGroup;
			children = (
				8B1FDC03284A1230000D9BCD /* BoardNotificationCenter.swift */,
			);
			path = ViewModels;
			sourceTree = "<group>";
		};
		8B46AFD2284E32C800317389 /* Models */ = {
			isa = PBXGroup;
			children = (
				8B46AFD0284E31D100317389 /* BoardNotificationItemModel.swift */,
			);
			path = Models;
			sourceTree = "<group>";
		};
		8B936EAF284DE3C100B568EA /* from past */ = {
			isa = PBXGroup;
			children = (
				8BBDE654284A89D1005F65A1 /* MasterItemView.swift */,
				8BBDE662284AAE78005F65A1 /* QLImage.swift */,
				8BBDE65F284AA32D005F65A1 /* NSImageView+GIF.swift */,
			);
			path = "from past";
			sourceTree = "<group>";
		};
		8B936EB2284DE52200B568EA /* Extensions */ = {
			isa = PBXGroup;
			children = (
				8B1FDC00284A1142000D9BCD /* NSNotificationNameExtension.swift */,
				8BC0A7F3284BC74F00D307C5 /* ColorExtension.swift */,
				8B936EB6284DE81000B568EA /* FontExtension.swift */,
			);
			path = Extensions;
			sourceTree = "<group>";
		};
		8B936EB3284DE52A00B568EA /* Views */ = {
			isa = PBXGroup;
			children = (
				8B936EB0284DE3D600B568EA /* ContentView.swift */,
				8B936EB4284DE63000B568EA /* SidebarView.swift */,
				8B936EB8284DF77D00B568EA /* BoardView.swift */,
			);
			path = Views;
			sourceTree = "<group>";
		};
		8BEE7D17284BBB5C008162EA /* Fonts */ = {
			isa = PBXGroup;
			children = (
				8BEE7D19284BBBC4008162EA /* Files */,
			);
			path = Fonts;
			sourceTree = "<group>";
		};
		8BEE7D19284BBBC4008162EA /* Files */ = {
			isa = PBXGroup;
			children = (
				8BEE7D12284BBB58008162EA /* Poppins-Medium.ttf */,
				8BEE7D13284BBB58008162EA /* Poppins-Regular.ttf */,
				8BEE7D11284BBB58008162EA /* Poppins-SemiBold.ttf */,
			);
			path = Files;
			sourceTree = "<group>";
		};
/* End PBXGroup section */

/* Begin PBXNativeTarget section */
		8B1FDBE8284A05EA000D9BCD /* PasteBoard */ = {
			isa = PBXNativeTarget;
			buildConfigurationList = 8B1FDBFD284A05EA000D9BCD /* Build configuration list for PBXNativeTarget "PasteBoard" */;
			buildPhases = (
				8B1FDBE5284A05EA000D9BCD /* Sources */,
				8B1FDBE6284A05EA000D9BCD /* Frameworks */,
				8B1FDBE7284A05EA000D9BCD /* Resources */,
			);
			buildRules = (
			);
			dependencies = (
			);
			name = PasteBoard;
			productName = PasteBoard;
			productReference = 8B1FDBE9284A05EA000D9BCD /* PasteBoard.app */;
			productType = "com.apple.product-type.application";
		};
/* End PBXNativeTarget section */

/* Begin PBXProject section */
		8B1FDBE1284A05E9000D9BCD /* Project object */ = {
			isa = PBXProject;
			attributes = {
				BuildIndependentTargetsInParallel = 1;
				LastSwiftUpdateCheck = 1340;
				LastUpgradeCheck = 1340;
				TargetAttributes = {
					8B1FDBE8284A05EA000D9BCD = {
						CreatedOnToolsVersion = 13.4;
					};
				};
			};
			buildConfigurationList = 8B1FDBE4284A05E9000D9BCD /* Build configuration list for PBXProject "PasteBoard" */;
			compatibilityVersion = "Xcode 13.0";
			developmentRegion = en;
			hasScannedForEncodings = 0;
			knownRegions = (
				en,
				Base,
			);
			mainGroup = 8B1FDBE0284A05E9000D9BCD;
			productRefGroup = 8B1FDBEA284A05EA000D9BCD /* Products */;
			projectDirPath = "";
			projectRoot = "";
			targets = (
				8B1FDBE8284A05EA000D9BCD /* PasteBoard */,
			);
		};
/* End PBXProject section */

/* Begin PBXResourcesBuildPhase section */
		8B1FDBE7284A05EA000D9BCD /* Resources */ = {
			isa = PBXResourcesBuildPhase;
			buildActionMask = 2147483647;
			files = (
				8BEE7D14284BBB58008162EA /* Poppins-SemiBold.ttf in Resources */,
				8BEE7D15284BBB58008162EA /* Poppins-Medium.ttf in Resources */,
				8B1FDBF4284A05EA000D9BCD /* Preview Assets.xcassets in Resources */,
				8B1FDBF1284A05EA000D9BCD /* Assets.xcassets in Resources */,
				8BEE7D16284BBB58008162EA /* Poppins-Regular.ttf in Resources */,
			);
			runOnlyForDeploymentPostprocessing = 0;
		};
/* End PBXResourcesBuildPhase section */

/* Begin PBXSourcesBuildPhase section */
		8B1FDBE5284A05EA000D9BCD /* Sources */ = {
			isa = PBXSourcesBuildPhase;
			buildActionMask = 2147483647;
			files = (
				8B46AFD1284E31D100317389 /* BoardNotificationItemModel.swift in Sources */,
				8B936EB9284DF77D00B568EA /* BoardView.swift in Sources */,
				8BBDE655284A89D1005F65A1 /* MasterItemView.swift in Sources */,
				8B1FDC01284A1142000D9BCD /* NSNotificationNameExtension.swift in Sources */,
				8BC0A7F4284BC74F00D307C5 /* ColorExtension.swift in Sources */,
				8BBDE663284AAE78005F65A1 /* QLImage.swift in Sources */,
				8B936EB1284DE3D600B568EA /* ContentView.swift in Sources */,
				8BBDE660284AA32D005F65A1 /* NSImageView+GIF.swift in Sources */,
				8B936EB5284DE63000B568EA /* SidebarView.swift in Sources */,
				8B1FDC04284A1230000D9BCD /* BoardNotificationCenter.swift in Sources */,
				8B936EB7284DE81000B568EA /* FontExtension.swift in Sources */,
				8B1FDBED284A05EA000D9BCD /* PasteBoardApp.swift in Sources */,
			);
			runOnlyForDeploymentPostprocessing = 0;
		};
/* End PBXSourcesBuildPhase section */

/* Begin XCBuildConfiguration section */
		8B1FDBFB284A05EA000D9BCD /* Debug */ = {
			isa = XCBuildConfiguration;
			buildSettings = {
				ALWAYS_SEARCH_USER_PATHS = NO;
				CLANG_ANALYZER_NONNULL = YES;
				CLANG_ANALYZER_NUMBER_OBJECT_CONVERSION = YES_AGGRESSIVE;
				CLANG_CXX_LANGUAGE_STANDARD = "gnu++17";
				CLANG_ENABLE_MODULES = YES;
				CLANG_ENABLE_OBJC_ARC = YES;
				CLANG_ENABLE_OBJC_WEAK = YES;
				CLANG_WARN_BLOCK_CAPTURE_AUTORELEASING = YES;
				CLANG_WARN_BOOL_CONVERSION = YES;
				CLANG_WARN_COMMA = YES;
				CLANG_WARN_CONSTANT_CONVERSION = YES;
				CLANG_WARN_DEPRECATED_OBJC_IMPLEMENTATIONS = YES;
				CLANG_WARN_DIRECT_OBJC_ISA_USAGE = YES_ERROR;
				CLANG_WARN_DOCUMENTATION_COMMENTS = YES;
				CLANG_WARN_EMPTY_BODY = YES;
				CLANG_WARN_ENUM_CONVERSION = YES;
				CLANG_WARN_INFINITE_RECURSION = YES;
				CLANG_WARN_INT_CONVERSION = YES;
				CLANG_WARN_NON_LITERAL_NULL_CONVERSION = YES;
				CLANG_WARN_OBJC_IMPLICIT_RETAIN_SELF = YES;
				CLANG_WARN_OBJC_LITERAL_CONVERSION = YES;
				CLANG_WARN_OBJC_ROOT_CLASS = YES_ERROR;
				CLANG_WARN_QUOTED_INCLUDE_IN_FRAMEWORK_HEADER = YES;
				CLANG_WARN_RANGE_LOOP_ANALYSIS = YES;
				CLANG_WARN_STRICT_PROTOTYPES = YES;
				CLANG_WARN_SUSPICIOUS_MOVE = YES;
				CLANG_WARN_UNGUARDED_AVAILABILITY = YES_AGGRESSIVE;
				CLANG_WARN_UNREACHABLE_CODE = YES;
				CLANG_WARN__DUPLICATE_METHOD_MATCH = YES;
				COPY_PHASE_STRIP = NO;
				DEBUG_INFORMATION_FORMAT = dwarf;
				ENABLE_STRICT_OBJC_MSGSEND = YES;
				ENABLE_TESTABILITY = YES;
				GCC_C_LANGUAGE_STANDARD = gnu11;
				GCC_DYNAMIC_NO_PIC = NO;
				GCC_NO_COMMON_BLOCKS = YES;
				GCC_OPTIMIZATION_LEVEL = 0;
				GCC_PREPROCESSOR_DEFINITIONS = (
					"DEBUG=1",
					"$(inherited)",
				);
				GCC_WARN_64_TO_32_BIT_CONVERSION = YES;
				GCC_WARN_ABOUT_RETURN_TYPE = YES_ERROR;
				GCC_WARN_UNDECLARED_SELECTOR = YES;
				GCC_WARN_UNINITIALIZED_AUTOS = YES_AGGRESSIVE;
				GCC_WARN_UNUSED_FUNCTION = YES;
				GCC_WARN_UNUSED_VARIABLE = YES;
				MACOSX_DEPLOYMENT_TARGET = 11.0;
				MTL_ENABLE_DEBUG_INFO = INCLUDE_SOURCE;
				MTL_FAST_MATH = YES;
				ONLY_ACTIVE_ARCH = YES;
				SDKROOT = macosx;
				SWIFT_ACTIVE_COMPILATION_CONDITIONS = DEBUG;
				SWIFT_OPTIMIZATION_LEVEL = "-Onone";
			};
			name = Debug;
		};
		8B1FDBFC284A05EA000D9BCD /* Release */ = {
			isa = XCBuildConfiguration;
			buildSettings = {
				ALWAYS_SEARCH_USER_PATHS = NO;
				CLANG_ANALYZER_NONNULL = YES;
				CLANG_ANALYZER_NUMBER_OBJECT_CONVERSION = YES_AGGRESSIVE;
				CLANG_CXX_LANGUAGE_STANDARD = "gnu++17";
				CLANG_ENABLE_MODULES = YES;
				CLANG_ENABLE_OBJC_ARC = YES;
				CLANG_ENABLE_OBJC_WEAK = YES;
				CLANG_WARN_BLOCK_CAPTURE_AUTORELEASING = YES;
				CLANG_WARN_BOOL_CONVERSION = YES;
				CLANG_WARN_COMMA = YES;
				CLANG_WARN_CONSTANT_CONVERSION = YES;
				CLANG_WARN_DEPRECATED_OBJC_IMPLEMENTATIONS = YES;
				CLANG_WARN_DIRECT_OBJC_ISA_USAGE = YES_ERROR;
				CLANG_WARN_DOCUMENTATION_COMMENTS = YES;
				CLANG_WARN_EMPTY_BODY = YES;
				CLANG_WARN_ENUM_CONVERSION = YES;
				CLANG_WARN_INFINITE_RECURSION = YES;
				CLANG_WARN_INT_CONVERSION = YES;
				CLANG_WARN_NON_LITERAL_NULL_CONVERSION = YES;
				CLANG_WARN_OBJC_IMPLICIT_RETAIN_SELF = YES;
				CLANG_WARN_OBJC_LITERAL_CONVERSION = YES;
				CLANG_WARN_OBJC_ROOT_CLASS = YES_ERROR;
				CLANG_WARN_QUOTED_INCLUDE_IN_FRAMEWORK_HEADER = YES;
				CLANG_WARN_RANGE_LOOP_ANALYSIS = YES;
				CLANG_WARN_STRICT_PROTOTYPES = YES;
				CLANG_WARN_SUSPICIOUS_MOVE = YES;
				CLANG_WARN_UNGUARDED_AVAILABILITY = YES_AGGRESSIVE;
				CLANG_WARN_UNREACHABLE_CODE = YES;
				CLANG_WARN__DUPLICATE_METHOD_MATCH = YES;
				COPY_PHASE_STRIP = NO;
				DEBUG_INFORMATION_FORMAT = "dwarf-with-dsym";
				ENABLE_NS_ASSERTIONS = NO;
				ENABLE_STRICT_OBJC_MSGSEND = YES;
				GCC_C_LANGUAGE_STANDARD = gnu11;
				GCC_NO_COMMON_BLOCKS = YES;
				GCC_WARN_64_TO_32_BIT_CONVERSION = YES;
				GCC_WARN_ABOUT_RETURN_TYPE = YES_ERROR;
				GCC_WARN_UNDECLARED_SELECTOR = YES;
				GCC_WARN_UNINITIALIZED_AUTOS = YES_AGGRESSIVE;
				GCC_WARN_UNUSED_FUNCTION = YES;
				GCC_WARN_UNUSED_VARIABLE = YES;
				MACOSX_DEPLOYMENT_TARGET = 11.0;
				MTL_ENABLE_DEBUG_INFO = NO;
				MTL_FAST_MATH = YES;
				SDKROOT = macosx;
				SWIFT_COMPILATION_MODE = wholemodule;
				SWIFT_OPTIMIZATION_LEVEL = "-O";
			};
			name = Release;
		};
		8B1FDBFE284A05EA000D9BCD /* Debug */ = {
			isa = XCBuildConfiguration;
			buildSettings = {
				ASSETCATALOG_COMPILER_APPICON_NAME = AppIcon;
				ASSETCATALOG_COMPILER_GLOBAL_ACCENT_COLOR_NAME = AccentColor;
				CODE_SIGN_ENTITLEMENTS = PasteBoard/PasteBoard.entitlements;
				CODE_SIGN_STYLE = Automatic;
				COMBINE_HIDPI_IMAGES = YES;
				CURRENT_PROJECT_VERSION = 1;
				DEVELOPMENT_ASSET_PATHS = "\"PasteBoard/Preview Content\"";
				DEVELOPMENT_TEAM = 6526WFULUB;
				ENABLE_HARDENED_RUNTIME = YES;
				ENABLE_PREVIEWS = YES;
				GENERATE_INFOPLIST_FILE = YES;
				INFOPLIST_FILE = PasteBoard/Info.plist;
				INFOPLIST_KEY_NSHumanReadableCopyright = "";
				LD_RUNPATH_SEARCH_PATHS = (
					"$(inherited)",
					"@executable_path/../Frameworks",
				);
				MACOSX_DEPLOYMENT_TARGET = 11.0;
				MARKETING_VERSION = 1.0;
				PRODUCT_BUNDLE_IDENTIFIER = com.majidjamali.PasteBoard;
				PRODUCT_NAME = "$(TARGET_NAME)";
				SWIFT_EMIT_LOC_STRINGS = YES;
				SWIFT_VERSION = 5.0;
			};
			name = Debug;
		};
		8B1FDBFF284A05EA000D9BCD /* Release */ = {
			isa = XCBuildConfiguration;
			buildSettings = {
				ASSETCATALOG_COMPILER_APPICON_NAME = AppIcon;
				ASSETCATALOG_COMPILER_GLOBAL_ACCENT_COLOR_NAME = AccentColor;
				CODE_SIGN_ENTITLEMENTS = PasteBoard/PasteBoard.entitlements;
				CODE_SIGN_STYLE = Automatic;
				COMBINE_HIDPI_IMAGES = YES;
				CURRENT_PROJECT_VERSION = 1;
				DEVELOPMENT_ASSET_PATHS = "\"PasteBoard/Preview Content\"";
				DEVELOPMENT_TEAM = 6526WFULUB;
				ENABLE_HARDENED_RUNTIME = YES;
				ENABLE_PREVIEWS = YES;
				GENERATE_INFOPLIST_FILE = YES;
				INFOPLIST_FILE = PasteBoard/Info.plist;
				INFOPLIST_KEY_NSHumanReadableCopyright = "";
				LD_RUNPATH_SEARCH_PATHS = (
					"$(inherited)",
					"@executable_path/../Frameworks",
				);
				MACOSX_DEPLOYMENT_TARGET = 11.0;
				MARKETING_VERSION = 1.0;
				PRODUCT_BUNDLE_IDENTIFIER = com.majidjamali.PasteBoard;
				PRODUCT_NAME = "$(TARGET_NAME)";
				SWIFT_EMIT_LOC_STRINGS = YES;
				SWIFT_VERSION = 5.0;
			};
			name = Release;
		};
/* End XCBuildConfiguration section */

/* Begin XCConfigurationList section */
		8B1FDBE4284A05E9000D9BCD /* Build configuration list for PBXProject "PasteBoard" */ = {
			isa = XCConfigurationList;
			buildConfigurations = (
				8B1FDBFB284A05EA000D9BCD /* Debug */,
				8B1FDBFC284A05EA000D9BCD /* Release */,
			);
			defaultConfigurationIsVisible = 0;
			defaultConfigurationName = Release;
		};
		8B1FDBFD284A05EA000D9BCD /* Build configuration list for PBXNativeTarget "PasteBoard" */ = {
			isa = XCConfigurationList;
			buildConfigurations = (
				8B1FDBFE284A05EA000D9BCD /* Debug */,
				8B1FDBFF284A05EA000D9BCD /* Release */,
			);
			defaultConfigurationIsVisible = 0;
			defaultConfigurationName = Release;
		};
/* End XCConfigurationList section */
	};
	rootObject = 8B1FDBE1284A05E9000D9BCD /* Project object */;
}
